
Microsoft Visual Studio Solution File, Format Version 12.00
# Visual Studio 14
VisualStudioVersion = 14.0.25420.1
MinimumVisualStudioVersion = 10.0.40219.1
Project("{FAE04EC0-301F-11D3-BF4B-00C04F79EFBC}") = "WebAPI", "WebAPI\WebAPI.csproj", "{31D66EFC-8905-4FD8-946B-0A35A065C866}"
EndProject
Project("{FAE04EC0-301F-11D3-BF4B-00C04F79EFBC}") = "WebAPI.Services", "WebAPI.Services\WebAPI.Services.csproj", "{A0734E1B-2C6F-4C8D-AD74-0B245155EEE8}"
EndProject
Project("{FAE04EC0-301F-11D3-BF4B-00C04F79EFBC}") = "WebAPI.Data", "WebAPI.Data\WebAPI.Data.csproj", "{056EE8C7-BC0C-495B-A77B-F1AD75870037}"
EndProject
Global
	GlobalSection(SolutionConfigurationPlatforms) = preSolution
		Debug|Any CPU = Debug|Any CPU
		Release|Any CPU = Release|Any CPU
	EndGlobalSection
	GlobalSection(ProjectConfigurationPlatforms) = postSolution
		{31D66EFC-8905-4FD8-946B-0A35A065C866}.Debug|Any CPU.ActiveCfg = Debug|Any CPU
		{31D66EFC-8905-4FD8-946B-0A35A065C866}.Debug|Any CPU.Build.0 = Debug|Any CPU
		{31D66EFC-8905-4FD8-946B-0A35A065C866}.Release|Any CPU.ActiveCfg = Release|Any CPU
		{31D66EFC-8905-4FD8-946B-0A35A065C866}.Release|Any CPU.Build.0 = Release|Any CPU
		{A0734E1B-2C6F-4C8D-AD74-0B245155EEE8}.Debug|Any CPU.ActiveCfg = Debug|Any CPU
		{A0734E1B-2C6F-4C8D-AD74-0B245155EEE8}.Debug|Any CPU.Build.0 = Debug|Any CPU
		{A0734E1B-2C6F-4C8D-AD74-0B245155EEE8}.Release|Any CPU.ActiveCfg = Release|Any CPU
		{A0734E1B-2C6F-4C8D-AD74-0B245155EEE8}.Release|Any CPU.Build.0 = Release|Any CPU
		{056EE8C7-BC0C-495B-A77B-F1AD75870037}.Debug|Any CPU.ActiveCfg = Debug|Any CPU
		{056EE8C7-BC0C-495B-A77B-F1AD75870037}.Debug|Any CPU.Build.0 = Debug|Any CPU
		{056EE8C7-BC0C-495B-A77B-F1AD75870037}.Release|Any CPU.ActiveCfg = Release|Any CPU
		{056EE8C7-BC0C-495B-A77B-F1AD75870037}.Release|Any CPU.Build.0 = Release|Any CPU
	EndGlobalSection
	GlobalSection(SolutionProperties) = preSolution
		HideSolutionNode = FALSE
	EndGlobalSection
EndGlobal
